{
  "requires": true,
  "lockfileVersion": 1,
  "dependencies": {
    "ng2-tooltip-directive": {
      "version": "1.2.3",
      "resolved": "https://registry.npmjs.org/ng2-tooltip-directive/-/ng2-tooltip-directive-1.2.3.tgz",
      "integrity": "sha1-gU0JNY2VNqpyX7G97qMXsH8gZKs="
    },
    "tslib": {
      "version": "1.9.3",
      "resolved": "https://registry.npmjs.org/tslib/-/tslib-1.9.3.tgz",
      "integrity": "sha512-4krF8scpejhaOgqzBEcGM7yDIEfi0/8+8zDRZhNZZ2kjmHJ4hv3zCbQWxoJGz1iw5U0Jl0nma13xzHXcncMavQ=="
    }
  }
}
